
Microsoft Visual Studio Solution File, Format Version 12.00
# Visual Studio Version 17
VisualStudioVersion = 17.11.35303.130
MinimumVisualStudioVersion = 10.0.40219.1
Project("{FAE04EC0-301F-11D3-BF4B-00C04F79EFBC}") = "TravelAgency", "TravelAgency.csproj", "{C518118A-50DD-43BB-B7D4-669503E13BE7}"
EndProject
Global
	GlobalSection(SolutionConfigurationPlatforms) = preSolution
		Debug|Any CPU = Debug|Any CPU
		Release|Any CPU = Release|Any CPU
	EndGlobalSection
	GlobalSection(ProjectConfigurationPlatforms) = postSolution
		{C518118A-50DD-43BB-B7D4-669503E13BE7}.Debug|Any CPU.ActiveCfg = Debug|Any CPU
		{C518118A-50DD-43BB-B7D4-669503E13BE7}.Debug|Any CPU.Build.0 = Debug|Any CPU
		{C518118A-50DD-43BB-B7D4-669503E13BE7}.Release|Any CPU.ActiveCfg = Release|Any CPU
		{C518118A-50DD-43BB-B7D4-669503E13BE7}.Release|Any CPU.Build.0 = Release|Any CPU
	EndGlobalSection
	GlobalSection(SolutionProperties) = preSolution
		HideSolutionNode = FALSE
	EndGlobalSection
	GlobalSection(ExtensibilityGlobals) = postSolution
		SolutionGuid = {EABED32C-C1D3-4194-BDC8-07BF2EE358F7}
	EndGlobalSection
EndGlobal
